// !$*UTF8*$!
{
	archiveVersion = 1;
	classes = {
	};
	objectVersion = 46;
	objects = {

/* Begin PBXBuildFile section */
		3780FB7C1CD7534A00F056B7 /* MainViewController.swift in Sources */ = {isa = PBXBuildFile; fileRef = 3780FB7B1CD7534A00F056B7 /* MainViewController.swift */; };
		37A6E09A1CF68CEA00632BDF /* LayerSampleController.swift in Sources */ = {isa = PBXBuildFile; fileRef = 37A6E0991CF68CEA00632BDF /* LayerSampleController.swift */; };
		37A6E09C1CF68EC600632BDF /* LayerHierarchyViewController.swift in Sources */ = {isa = PBXBuildFile; fileRef = 37A6E09B1CF68EC600632BDF /* LayerHierarchyViewController.swift */; };
		37C3F76E1CE1CA9C0073A348 /* StackViewController.swift in Sources */ = {isa = PBXBuildFile; fileRef = 37C3F76D1CE1CA9C0073A348 /* StackViewController.swift */; };
		37C3F7701CE1D8940073A348 /* DrawingSampleController.swift in Sources */ = {isa = PBXBuildFile; fileRef = 37C3F76F1CE1D8940073A348 /* DrawingSampleController.swift */; };
		37C3F7731CE377240073A348 /* ImageResolutionViewController.swift in Sources */ = {isa = PBXBuildFile; fileRef = 37C3F7721CE377240073A348 /* ImageResolutionViewController.swift */; };
		37C3F7761CE406780073A348 /* frowney.png in Resources */ = {isa = PBXBuildFile; fileRef = 37C3F7741CE406780073A348 /* frowney.png */; };
		37C3F7771CE406780073A348 /* smiley.png in Resources */ = {isa = PBXBuildFile; fileRef = 37C3F7751CE406780073A348 /* smiley.png */; };
		37C3F7791CE406C80073A348 /* ImageTraitCollectionViewController.swift in Sources */ = {isa = PBXBuildFile; fileRef = 37C3F7781CE406C80073A348 /* ImageTraitCollectionViewController.swift */; };
		37C3F77B1CE407130073A348 /* MyImageView.swift in Sources */ = {isa = PBXBuildFile; fileRef = 37C3F77A1CE407130073A348 /* MyImageView.swift */; };
		37C3F77D1CE477F60073A348 /* ImageViewContentModeViewController.swift in Sources */ = {isa = PBXBuildFile; fileRef = 37C3F77C1CE477F60073A348 /* ImageViewContentModeViewController.swift */; };
		37C3F77F1CE47C5E0073A348 /* bottle5.png in Resources */ = {isa = PBXBuildFile; fileRef = 37C3F77E1CE47C5E0073A348 /* bottle5.png */; };
		37C3F7811CE47C910073A348 /* smileyiPhone.png in Resources */ = {isa = PBXBuildFile; fileRef = 37C3F7801CE47C910073A348 /* smileyiPhone.png */; };
		37C3F7831CE5ED840073A348 /* ImageResizableViewController.swift in Sources */ = {isa = PBXBuildFile; fileRef = 37C3F7821CE5ED840073A348 /* ImageResizableViewController.swift */; };
		37C7D2181CE9F93000407AA8 /* GraphicContextViewController.swift in Sources */ = {isa = PBXBuildFile; fileRef = 37C7D2171CE9F93000407AA8 /* GraphicContextViewController.swift */; };
		37C7D21A1CE9F9A500407AA8 /* Views.swift in Sources */ = {isa = PBXBuildFile; fileRef = 37C7D2191CE9F9A500407AA8 /* Views.swift */; };
		37C7D21E1CEA0C5E00407AA8 /* ImageDrawingViewController.swift in Sources */ = {isa = PBXBuildFile; fileRef = 37C7D21D1CEA0C5E00407AA8 /* ImageDrawingViewController.swift */; };
		37E20A511CEAA33B00383A56 /* SnapshotViewController.swift in Sources */ = {isa = PBXBuildFile; fileRef = 37E20A501CEAA33B00383A56 /* SnapshotViewController.swift */; };
		37E20A531CEAAD9700383A56 /* ImageFilter1ViewController.swift in Sources */ = {isa = PBXBuildFile; fileRef = 37E20A521CEAAD9700383A56 /* ImageFilter1ViewController.swift */; };
		37E20A551CEABE6500383A56 /* ImageFilter2ViewController.swift in Sources */ = {isa = PBXBuildFile; fileRef = 37E20A541CEABE6500383A56 /* ImageFilter2ViewController.swift */; };
		37E20A571CEABEC600383A56 /* MyVignetteFilter.swift in Sources */ = {isa = PBXBuildFile; fileRef = 37E20A561CEABEC600383A56 /* MyVignetteFilter.swift */; };
		37F54F411CD84D6000E70D2B /* ViewSampleController.swift in Sources */ = {isa = PBXBuildFile; fileRef = 37F54F401CD84D6000E70D2B /* ViewSampleController.swift */; };
		37F54F431CD85B7F00E70D2B /* ResizingViewController.swift in Sources */ = {isa = PBXBuildFile; fileRef = 37F54F421CD85B7F00E70D2B /* ResizingViewController.swift */; };
		37FE42521CEB47E300EE8E38 /* VisualEffectViewController.swift in Sources */ = {isa = PBXBuildFile; fileRef = 37FE42511CEB47E300EE8E38 /* VisualEffectViewController.swift */; };
		37FE42541CEB4B6200EE8E38 /* MyCustomDrawingView.swift in Sources */ = {isa = PBXBuildFile; fileRef = 37FE42531CEB4B6200EE8E38 /* MyCustomDrawingView.swift */; };
		37FE42561CEB4C4700EE8E38 /* CustomeDrawingViewController.swift in Sources */ = {isa = PBXBuildFile; fileRef = 37FE42551CEB4C4700EE8E38 /* CustomeDrawingViewController.swift */; };
		37FEE99E1CE072B5002A28E2 /* FrameViewController.swift in Sources */ = {isa = PBXBuildFile; fileRef = 37FEE99D1CE072B5002A28E2 /* FrameViewController.swift */; };
		37FEE9A11CE075A0002A28E2 /* TransformViewController.swift in Sources */ = {isa = PBXBuildFile; fileRef = 37FEE9A01CE075A0002A28E2 /* TransformViewController.swift */; };
		37FEE9A31CE07DD3002A28E2 /* AutoLayoutViewController.swift in Sources */ = {isa = PBXBuildFile; fileRef = 37FEE9A21CE07DD3002A28E2 /* AutoLayoutViewController.swift */; };
		37FEE9A51CE092C4002A28E2 /* ConstraintSwapViewController.swift in Sources */ = {isa = PBXBuildFile; fileRef = 37FEE9A41CE092C4002A28E2 /* ConstraintSwapViewController.swift */; };
		37FEE9A71CE18B99002A28E2 /* LayoutMarginViewController.swift in Sources */ = {isa = PBXBuildFile; fileRef = 37FEE9A61CE18B99002A28E2 /* LayoutMarginViewController.swift */; };
		A61C69A51C02EBD600ADF518 /* AppDelegate.swift in Sources */ = {isa = PBXBuildFile; fileRef = A61C69A41C02EBD600ADF518 /* AppDelegate.swift */; };
		A61C69AC1C02EBD600ADF518 /* Assets.xcassets in Resources */ = {isa = PBXBuildFile; fileRef = A61C69AB1C02EBD600ADF518 /* Assets.xcassets */; };
		A61C69AF1C02EBD600ADF518 /* LaunchScreen.storyboard in Resources */ = {isa = PBXBuildFile; fileRef = A61C69AD1C02EBD600ADF518 /* LaunchScreen.storyboard */; };
		A61C69BA1C02EBD600ADF518 /* ApiDemo_SwiftTests.swift in Sources */ = {isa = PBXBuildFile; fileRef = A61C69B91C02EBD600ADF518 /* ApiDemo_SwiftTests.swift */; };
		A61C69C51C02EBD600ADF518 /* ApiDemo_SwiftUITests.swift in Sources */ = {isa = PBXBuildFile; fileRef = A61C69C41C02EBD600ADF518 /* ApiDemo_SwiftUITests.swift */; };
/* End PBXBuildFile section */

/* Begin PBXContainerItemProxy section */
		A61C69B61C02EBD600ADF518 /* PBXContainerItemProxy */ = {
			isa = PBXContainerItemProxy;
			containerPortal = A61C69991C02EBD600ADF518 /* Project object */;
			proxyType = 1;
			remoteGlobalIDString = A61C69A01C02EBD600ADF518;
			remoteInfo = "ApiDemo-Swift";
		};
		A61C69C11C02EBD600ADF518 /* PBXContainerItemProxy */ = {
			isa = PBXContainerItemProxy;
			containerPortal = A61C69991C02EBD600ADF518 /* Project object */;
			proxyType = 1;
			remoteGlobalIDString = A61C69A01C02EBD600ADF518;
			remoteInfo = "ApiDemo-Swift";
		};
/* End PBXContainerItemProxy section */

/* Begin PBXFileReference section */
		3780FB7B1CD7534A00F056B7 /* MainViewController.swift */ = {isa = PBXFileReference; fileEncoding = 4; lastKnownFileType = sourcecode.swift; path = MainViewController.swift; sourceTree = "<group>"; };
		37A6E0991CF68CEA00632BDF /* LayerSampleController.swift */ = {isa = PBXFileReference; fileEncoding = 4; lastKnownFileType = sourcecode.swift; path = LayerSampleController.swift; sourceTree = "<group>"; };
		37A6E09B1CF68EC600632BDF /* LayerHierarchyViewController.swift */ = {isa = PBXFileReference; fileEncoding = 4; lastKnownFileType = sourcecode.swift; path = LayerHierarchyViewController.swift; sourceTree = "<group>"; };
		37C3F76D1CE1CA9C0073A348 /* StackViewController.swift */ = {isa = PBXFileReference; fileEncoding = 4; lastKnownFileType = sourcecode.swift; path = StackViewController.swift; sourceTree = "<group>"; };
		37C3F76F1CE1D8940073A348 /* DrawingSampleController.swift */ = {isa = PBXFileReference; fileEncoding = 4; lastKnownFileType = sourcecode.swift; path = DrawingSampleController.swift; sourceTree = "<group>"; };
		37C3F7721CE377240073A348 /* ImageResolutionViewController.swift */ = {isa = PBXFileReference; fileEncoding = 4; lastKnownFileType = sourcecode.swift; path = ImageResolutionViewController.swift; sourceTree = "<group>"; };
		37C3F7741CE406780073A348 /* frowney.png */ = {isa = PBXFileReference; lastKnownFileType = image.png; path = frowney.png; sourceTree = "<group>"; };
		37C3F7751CE406780073A348 /* smiley.png */ = {isa = PBXFileReference; lastKnownFileType = image.png; path = smiley.png; sourceTree = "<group>"; };
		37C3F7781CE406C80073A348 /* ImageTraitCollectionViewController.swift */ = {isa = PBXFileReference; fileEncoding = 4; lastKnownFileType = sourcecode.swift; path = ImageTraitCollectionViewController.swift; sourceTree = "<group>"; };
		37C3F77A1CE407130073A348 /* MyImageView.swift */ = {isa = PBXFileReference; fileEncoding = 4; lastKnownFileType = sourcecode.swift; path = MyImageView.swift; sourceTree = "<group>"; };
		37C3F77C1CE477F60073A348 /* ImageViewContentModeViewController.swift */ = {isa = PBXFileReference; fileEncoding = 4; lastKnownFileType = sourcecode.swift; path = ImageViewContentModeViewController.swift; sourceTree = "<group>"; };
		37C3F77E1CE47C5E0073A348 /* bottle5.png */ = {isa = PBXFileReference; lastKnownFileType = image.png; path = bottle5.png; sourceTree = "<group>"; };
		37C3F7801CE47C910073A348 /* smileyiPhone.png */ = {isa = PBXFileReference; lastKnownFileType = image.png; path = smileyiPhone.png; sourceTree = "<group>"; };
		37C3F7821CE5ED840073A348 /* ImageResizableViewController.swift */ = {isa = PBXFileReference; fileEncoding = 4; lastKnownFileType = sourcecode.swift; path = ImageResizableViewController.swift; sourceTree = "<group>"; };
		37C7D2171CE9F93000407AA8 /* GraphicContextViewController.swift */ = {isa = PBXFileReference; fileEncoding = 4; lastKnownFileType = sourcecode.swift; path = GraphicContextViewController.swift; sourceTree = "<group>"; };
		37C7D2191CE9F9A500407AA8 /* Views.swift */ = {isa = PBXFileReference; fileEncoding = 4; lastKnownFileType = sourcecode.swift; path = Views.swift; sourceTree = "<group>"; };
		37C7D21D1CEA0C5E00407AA8 /* ImageDrawingViewController.swift */ = {isa = PBXFileReference; fileEncoding = 4; lastKnownFileType = sourcecode.swift; path = ImageDrawingViewController.swift; sourceTree = "<group>"; };
		37E20A501CEAA33B00383A56 /* SnapshotViewController.swift */ = {isa = PBXFileReference; fileEncoding = 4; lastKnownFileType = sourcecode.swift; path = SnapshotViewController.swift; sourceTree = "<group>"; };
		37E20A521CEAAD9700383A56 /* ImageFilter1ViewController.swift */ = {isa = PBXFileReference; fileEncoding = 4; lastKnownFileType = sourcecode.swift; path = ImageFilter1ViewController.swift; sourceTree = "<group>"; };
		37E20A541CEABE6500383A56 /* ImageFilter2ViewController.swift */ = {isa = PBXFileReference; fileEncoding = 4; lastKnownFileType = sourcecode.swift; path = ImageFilter2ViewController.swift; sourceTree = "<group>"; };
		37E20A561CEABEC600383A56 /* MyVignetteFilter.swift */ = {isa = PBXFileReference; fileEncoding = 4; lastKnownFileType = sourcecode.swift; path = MyVignetteFilter.swift; sourceTree = "<group>"; };
		37F54F401CD84D6000E70D2B /* ViewSampleController.swift */ = {isa = PBXFileReference; fileEncoding = 4; lastKnownFileType = sourcecode.swift; path = ViewSampleController.swift; sourceTree = "<group>"; };
		37F54F421CD85B7F00E70D2B /* ResizingViewController.swift */ = {isa = PBXFileReference; fileEncoding = 4; lastKnownFileType = sourcecode.swift; path = ResizingViewController.swift; sourceTree = "<group>"; };
		37FE42511CEB47E300EE8E38 /* VisualEffectViewController.swift */ = {isa = PBXFileReference; fileEncoding = 4; lastKnownFileType = sourcecode.swift; path = VisualEffectViewController.swift; sourceTree = "<group>"; };
		37FE42531CEB4B6200EE8E38 /* MyCustomDrawingView.swift */ = {isa = PBXFileReference; fileEncoding = 4; lastKnownFileType = sourcecode.swift; path = MyCustomDrawingView.swift; sourceTree = "<group>"; };
		37FE42551CEB4C4700EE8E38 /* CustomeDrawingViewController.swift */ = {isa = PBXFileReference; fileEncoding = 4; lastKnownFileType = sourcecode.swift; path = CustomeDrawingViewController.swift; sourceTree = "<group>"; };
		37FEE99D1CE072B5002A28E2 /* FrameViewController.swift */ = {isa = PBXFileReference; fileEncoding = 4; lastKnownFileType = sourcecode.swift; path = FrameViewController.swift; sourceTree = "<group>"; };
		37FEE9A01CE075A0002A28E2 /* TransformViewController.swift */ = {isa = PBXFileReference; fileEncoding = 4; lastKnownFileType = sourcecode.swift; path = TransformViewController.swift; sourceTree = "<group>"; };
		37FEE9A21CE07DD3002A28E2 /* AutoLayoutViewController.swift */ = {isa = PBXFileReference; fileEncoding = 4; lastKnownFileType = sourcecode.swift; path = AutoLayoutViewController.swift; sourceTree = "<group>"; };
		37FEE9A41CE092C4002A28E2 /* ConstraintSwapViewController.swift */ = {isa = PBXFileReference; fileEncoding = 4; lastKnownFileType = sourcecode.swift; path = ConstraintSwapViewController.swift; sourceTree = "<group>"; };
		37FEE9A61CE18B99002A28E2 /* LayoutMarginViewController.swift */ = {isa = PBXFileReference; fileEncoding = 4; lastKnownFileType = sourcecode.swift; path = LayoutMarginViewController.swift; sourceTree = "<group>"; };
		A61C69A11C02EBD600ADF518 /* ApiDemo-Swift.app */ = {isa = PBXFileReference; explicitFileType = wrapper.application; includeInIndex = 0; path = "ApiDemo-Swift.app"; sourceTree = BUILT_PRODUCTS_DIR; };
		A61C69A41C02EBD600ADF518 /* AppDelegate.swift */ = {isa = PBXFileReference; lastKnownFileType = sourcecode.swift; path = AppDelegate.swift; sourceTree = "<group>"; };
		A61C69AB1C02EBD600ADF518 /* Assets.xcassets */ = {isa = PBXFileReference; lastKnownFileType = folder.assetcatalog; path = Assets.xcassets; sourceTree = "<group>"; };
		A61C69AE1C02EBD600ADF518 /* Base */ = {isa = PBXFileReference; lastKnownFileType = file.storyboard; name = Base; path = Base.lproj/LaunchScreen.storyboard; sourceTree = "<group>"; };
		A61C69B01C02EBD600ADF518 /* Info.plist */ = {isa = PBXFileReference; lastKnownFileType = text.plist.xml; path = Info.plist; sourceTree = "<group>"; };
		A61C69B51C02EBD600ADF518 /* ApiDemo-SwiftTests.xctest */ = {isa = PBXFileReference; explicitFileType = wrapper.cfbundle; includeInIndex = 0; path = "ApiDemo-SwiftTests.xctest"; sourceTree = BUILT_PRODUCTS_DIR; };
		A61C69B91C02EBD600ADF518 /* ApiDemo_SwiftTests.swift */ = {isa = PBXFileReference; lastKnownFileType = sourcecode.swift; path = ApiDemo_SwiftTests.swift; sourceTree = "<group>"; };
		A61C69BB1C02EBD600ADF518 /* Info.plist */ = {isa = PBXFileReference; lastKnownFileType = text.plist.xml; path = Info.plist; sourceTree = "<group>"; };
		A61C69C01C02EBD600ADF518 /* ApiDemo-SwiftUITests.xctest */ = {isa = PBXFileReference; explicitFileType = wrapper.cfbundle; includeInIndex = 0; path = "ApiDemo-SwiftUITests.xctest"; sourceTree = BUILT_PRODUCTS_DIR; };
		A61C69C41C02EBD600ADF518 /* ApiDemo_SwiftUITests.swift */ = {isa = PBXFileReference; lastKnownFileType = sourcecode.swift; path = ApiDemo_SwiftUITests.swift; sourceTree = "<group>"; };
		A61C69C61C02EBD600ADF518 /* Info.plist */ = {isa = PBXFileReference; lastKnownFileType = text.plist.xml; path = Info.plist; sourceTree = "<group>"; };
/* End PBXFileReference section */

/* Begin PBXFrameworksBuildPhase section */
		A61C699E1C02EBD600ADF518 /* Frameworks */ = {
			isa = PBXFrameworksBuildPhase;
			buildActionMask = 2147483647;
			files = (
			);
			runOnlyForDeploymentPostprocessing = 0;
		};
		A61C69B21C02EBD600ADF518 /* Frameworks */ = {
			isa = PBXFrameworksBuildPhase;
			buildActionMask = 2147483647;
			files = (
			);
			runOnlyForDeploymentPostprocessing = 0;
		};
		A61C69BD1C02EBD600ADF518 /* Frameworks */ = {
			isa = PBXFrameworksBuildPhase;
			buildActionMask = 2147483647;
			files = (
			);
			runOnlyForDeploymentPostprocessing = 0;
		};
/* End PBXFrameworksBuildPhase section */

/* Begin PBXGroup section */
		37A6E0981CF68C9800632BDF /* layers */ = {
			isa = PBXGroup;
			children = (
				37A6E09B1CF68EC600632BDF /* LayerHierarchyViewController.swift */,
			);
			name = layers;
			sourceTree = "<group>";
		};
		37C3F7711CE1D9E00073A348 /* Drawing */ = {
			isa = PBXGroup;
			children = (
				37C3F7721CE377240073A348 /* ImageResolutionViewController.swift */,
				37C3F7781CE406C80073A348 /* ImageTraitCollectionViewController.swift */,
				37C3F77A1CE407130073A348 /* MyImageView.swift */,
				37C3F77C1CE477F60073A348 /* ImageViewContentModeViewController.swift */,
				37C3F7821CE5ED840073A348 /* ImageResizableViewController.swift */,
				37C7D2171CE9F93000407AA8 /* GraphicContextViewController.swift */,
				37C7D2191CE9F9A500407AA8 /* Views.swift */,
				37C7D21D1CEA0C5E00407AA8 /* ImageDrawingViewController.swift */,
				37E20A501CEAA33B00383A56 /* SnapshotViewController.swift */,
				37E20A521CEAAD9700383A56 /* ImageFilter1ViewController.swift */,
				37E20A541CEABE6500383A56 /* ImageFilter2ViewController.swift */,
				37E20A561CEABEC600383A56 /* MyVignetteFilter.swift */,
				37FE42511CEB47E300EE8E38 /* VisualEffectViewController.swift */,
				37FE42531CEB4B6200EE8E38 /* MyCustomDrawingView.swift */,
				37FE42551CEB4C4700EE8E38 /* CustomeDrawingViewController.swift */,
			);
			name = Drawing;
			sourceTree = "<group>";
		};
		37FEE99F1CE07400002A28E2 /* View */ = {
			isa = PBXGroup;
			children = (
				37F54F421CD85B7F00E70D2B /* ResizingViewController.swift */,
				37FEE99D1CE072B5002A28E2 /* FrameViewController.swift */,
				37FEE9A01CE075A0002A28E2 /* TransformViewController.swift */,
				37FEE9A21CE07DD3002A28E2 /* AutoLayoutViewController.swift */,
				37FEE9A41CE092C4002A28E2 /* ConstraintSwapViewController.swift */,
				37FEE9A61CE18B99002A28E2 /* LayoutMarginViewController.swift */,
				37C3F76D1CE1CA9C0073A348 /* StackViewController.swift */,
			);
			name = View;
			sourceTree = "<group>";
		};
		A61C69981C02EBD600ADF518 = {
			isa = PBXGroup;
			children = (
				A61C69A31C02EBD600ADF518 /* ApiDemo-Swift */,
				A61C69B81C02EBD600ADF518 /* ApiDemo-SwiftTests */,
				A61C69C31C02EBD600ADF518 /* ApiDemo-SwiftUITests */,
				A61C69A21C02EBD600ADF518 /* Products */,
			);
			sourceTree = "<group>";
		};
		A61C69A21C02EBD600ADF518 /* Products */ = {
			isa = PBXGroup;
			children = (
				A61C69A11C02EBD600ADF518 /* ApiDemo-Swift.app */,
				A61C69B51C02EBD600ADF518 /* ApiDemo-SwiftTests.xctest */,
				A61C69C01C02EBD600ADF518 /* ApiDemo-SwiftUITests.xctest */,
			);
			name = Products;
			sourceTree = "<group>";
		};
		A61C69A31C02EBD600ADF518 /* ApiDemo-Swift */ = {
			isa = PBXGroup;
			children = (
				37A6E0981CF68C9800632BDF /* layers */,
				37C3F7711CE1D9E00073A348 /* Drawing */,
				37FEE99F1CE07400002A28E2 /* View */,
				A61C69A41C02EBD600ADF518 /* AppDelegate.swift */,
				A61C69AB1C02EBD600ADF518 /* Assets.xcassets */,
				A61C69AD1C02EBD600ADF518 /* LaunchScreen.storyboard */,
				A61C69B01C02EBD600ADF518 /* Info.plist */,
				3780FB7B1CD7534A00F056B7 /* MainViewController.swift */,
				37F54F401CD84D6000E70D2B /* ViewSampleController.swift */,
				37C3F76F1CE1D8940073A348 /* DrawingSampleController.swift */,
				37C3F7741CE406780073A348 /* frowney.png */,
				37C3F77E1CE47C5E0073A348 /* bottle5.png */,
				37C3F7751CE406780073A348 /* smiley.png */,
				37C3F7801CE47C910073A348 /* smileyiPhone.png */,
				37A6E0991CF68CEA00632BDF /* LayerSampleController.swift */,
			);
			path = "ApiDemo-Swift";
			sourceTree = "<group>";
		};
		A61C69B81C02EBD600ADF518 /* ApiDemo-SwiftTests */ = {
			isa = PBXGroup;
			children = (
				A61C69B91C02EBD600ADF518 /* ApiDemo_SwiftTests.swift */,
				A61C69BB1C02EBD600ADF518 /* Info.plist */,
			);
			path = "ApiDemo-SwiftTests";
			sourceTree = "<group>";
		};
		A61C69C31C02EBD600ADF518 /* ApiDemo-SwiftUITests */ = {
			isa = PBXGroup;
			children = (
				A61C69C41C02EBD600ADF518 /* ApiDemo_SwiftUITests.swift */,
				A61C69C61C02EBD600ADF518 /* Info.plist */,
			);
			path = "ApiDemo-SwiftUITests";
			sourceTree = "<group>";
		};
/* End PBXGroup section */

/* Begin PBXNativeTarget section */
		A61C69A01C02EBD600ADF518 /* ApiDemo-Swift */ = {
			isa = PBXNativeTarget;
			buildConfigurationList = A61C69C91C02EBD600ADF518 /* Build configuration list for PBXNativeTarget "ApiDemo-Swift" */;
			buildPhases = (
				A61C699D1C02EBD600ADF518 /* Sources */,
				A61C699E1C02EBD600ADF518 /* Frameworks */,
				A61C699F1C02EBD600ADF518 /* Resources */,
			);
			buildRules = (
			);
			dependencies = (
			);
			name = "ApiDemo-Swift";
			productName = "ApiDemo-Swift";
			productReference = A61C69A11C02EBD600ADF518 /* ApiDemo-Swift.app */;
			productType = "com.apple.product-type.application";
		};
		A61C69B41C02EBD600ADF518 /* ApiDemo-SwiftTests */ = {
			isa = PBXNativeTarget;
			buildConfigurationList = A61C69CC1C02EBD600ADF518 /* Build configuration list for PBXNativeTarget "ApiDemo-SwiftTests" */;
			buildPhases = (
				A61C69B11C02EBD600ADF518 /* Sources */,
				A61C69B21C02EBD600ADF518 /* Frameworks */,
				A61C69B31C02EBD600ADF518 /* Resources */,
			);
			buildRules = (
			);
			dependencies = (
				A61C69B71C02EBD600ADF518 /* PBXTargetDependency */,
			);
			name = "ApiDemo-SwiftTests";
			productName = "ApiDemo-SwiftTests";
			productReference = A61C69B51C02EBD600ADF518 /* ApiDemo-SwiftTests.xctest */;
			productType = "com.apple.product-type.bundle.unit-test";
		};
		A61C69BF1C02EBD600ADF518 /* ApiDemo-SwiftUITests */ = {
			isa = PBXNativeTarget;
			buildConfigurationList = A61C69CF1C02EBD600ADF518 /* Build configuration list for PBXNativeTarget "ApiDemo-SwiftUITests" */;
			buildPhases = (
				A61C69BC1C02EBD600ADF518 /* Sources */,
				A61C69BD1C02EBD600ADF518 /* Frameworks */,
				A61C69BE1C02EBD600ADF518 /* Resources */,
			);
			buildRules = (
			);
			dependencies = (
				A61C69C21C02EBD600ADF518 /* PBXTargetDependency */,
			);
			name = "ApiDemo-SwiftUITests";
			productName = "ApiDemo-SwiftUITests";
			productReference = A61C69C01C02EBD600ADF518 /* ApiDemo-SwiftUITests.xctest */;
			productType = "com.apple.product-type.bundle.ui-testing";
		};
/* End PBXNativeTarget section */

/* Begin PBXProject section */
		A61C69991C02EBD600ADF518 /* Project object */ = {
			isa = PBXProject;
			attributes = {
				LastSwiftUpdateCheck = 0710;
				LastUpgradeCheck = 0710;
				ORGANIZATIONNAME = iboxpay;
				TargetAttributes = {
					A61C69A01C02EBD600ADF518 = {
						CreatedOnToolsVersion = 7.1;
						DevelopmentTeam = 4X75RZ9C85;
					};
					A61C69B41C02EBD600ADF518 = {
						CreatedOnToolsVersion = 7.1;
						DevelopmentTeam = 4X75RZ9C85;
						TestTargetID = A61C69A01C02EBD600ADF518;
					};
					A61C69BF1C02EBD600ADF518 = {
						CreatedOnToolsVersion = 7.1;
						DevelopmentTeam = 4X75RZ9C85;
						TestTargetID = A61C69A01C02EBD600ADF518;
					};
				};
			};
			buildConfigurationList = A61C699C1C02EBD600ADF518 /* Build configuration list for PBXProject "ApiDemo-Swift" */;
			compatibilityVersion = "Xcode 3.2";
			developmentRegion = English;
			hasScannedForEncodings = 0;
			knownRegions = (
				en,
				Base,
			);
			mainGroup = A61C69981C02EBD600ADF518;
			productRefGroup = A61C69A21C02EBD600ADF518 /* Products */;
			projectDirPath = "";
			projectRoot = "";
			targets = (
				A61C69A01C02EBD600ADF518 /* ApiDemo-Swift */,
				A61C69B41C02EBD600ADF518 /* ApiDemo-SwiftTests */,
				A61C69BF1C02EBD600ADF518 /* ApiDemo-SwiftUITests */,
			);
		};
/* End PBXProject section */

/* Begin PBXResourcesBuildPhase section */
		A61C699F1C02EBD600ADF518 /* Resources */ = {
			isa = PBXResourcesBuildPhase;
			buildActionMask = 2147483647;
			files = (
				37C3F7771CE406780073A348 /* smiley.png in Resources */,
				37C3F7811CE47C910073A348 /* smileyiPhone.png in Resources */,
				37C3F7761CE406780073A348 /* frowney.png in Resources */,
				37C3F77F1CE47C5E0073A348 /* bottle5.png in Resources */,
				A61C69AF1C02EBD600ADF518 /* LaunchScreen.storyboard in Resources */,
				A61C69AC1C02EBD600ADF518 /* Assets.xcassets in Resources */,
			);
			runOnlyForDeploymentPostprocessing = 0;
		};
		A61C69B31C02EBD600ADF518 /* Resources */ = {
			isa = PBXResourcesBuildPhase;
			buildActionMask = 2147483647;
			files = (
			);
			runOnlyForDeploymentPostprocessing = 0;
		};
		A61C69BE1C02EBD600ADF518 /* Resources */ = {
			isa = PBXResourcesBuildPhase;
			buildActionMask = 2147483647;
			files = (
			);
			runOnlyForDeploymentPostprocessing = 0;
		};
/* End PBXResourcesBuildPhase section */

/* Begin PBXSourcesBuildPhase section */
		A61C699D1C02EBD600ADF518 /* Sources */ = {
			isa = PBXSourcesBuildPhase;
			buildActionMask = 2147483647;
			files = (
				37A6E09C1CF68EC600632BDF /* LayerHierarchyViewController.swift in Sources */,
				37C3F7831CE5ED840073A348 /* ImageResizableViewController.swift in Sources */,
				37C3F7731CE377240073A348 /* ImageResolutionViewController.swift in Sources */,
				37FEE9A31CE07DD3002A28E2 /* AutoLayoutViewController.swift in Sources */,
				A61C69A51C02EBD600ADF518 /* AppDelegate.swift in Sources */,
				37FEE99E1CE072B5002A28E2 /* FrameViewController.swift in Sources */,
				37F54F431CD85B7F00E70D2B /* ResizingViewController.swift in Sources */,
				37FE42561CEB4C4700EE8E38 /* CustomeDrawingViewController.swift in Sources */,
				37FEE9A51CE092C4002A28E2 /* ConstraintSwapViewController.swift in Sources */,
				37FEE9A11CE075A0002A28E2 /* TransformViewController.swift in Sources */,
				37E20A551CEABE6500383A56 /* ImageFilter2ViewController.swift in Sources */,
				37FE42541CEB4B6200EE8E38 /* MyCustomDrawingView.swift in Sources */,
				37E20A531CEAAD9700383A56 /* ImageFilter1ViewController.swift in Sources */,
				37A6E09A1CF68CEA00632BDF /* LayerSampleController.swift in Sources */,
				37C7D21A1CE9F9A500407AA8 /* Views.swift in Sources */,
				37C3F77D1CE477F60073A348 /* ImageViewContentModeViewController.swift in Sources */,
				37E20A511CEAA33B00383A56 /* SnapshotViewController.swift in Sources */,
				3780FB7C1CD7534A00F056B7 /* MainViewController.swift in Sources */,
				37C3F77B1CE407130073A348 /* MyImageView.swift in Sources */,
				37E20A571CEABEC600383A56 /* MyVignetteFilter.swift in Sources */,
				37C3F76E1CE1CA9C0073A348 /* StackViewController.swift in Sources */,
				37F54F411CD84D6000E70D2B /* ViewSampleController.swift in Sources */,
				37C3F7701CE1D8940073A348 /* DrawingSampleController.swift in Sources */,
				37C3F7791CE406C80073A348 /* ImageTraitCollectionViewController.swift in Sources */,
				37FEE9A71CE18B99002A28E2 /* LayoutMarginViewController.swift in Sources */,
				37C7D21E1CEA0C5E00407AA8 /* ImageDrawingViewController.swift in Sources */,
				37FE42521CEB47E300EE8E38 /* VisualEffectViewController.swift in Sources */,
				37C7D2181CE9F93000407AA8 /* GraphicContextViewController.swift in Sources */,
			);
			runOnlyForDeploymentPostprocessing = 0;
		};
		A61C69B11C02EBD600ADF518 /* Sources */ = {
			isa = PBXSourcesBuildPhase;
			buildActionMask = 2147483647;
			files = (
				A61C69BA1C02EBD600ADF518 /* ApiDemo_SwiftTests.swift in Sources */,
			);
			runOnlyForDeploymentPostprocessing = 0;
		};
		A61C69BC1C02EBD600ADF518 /* Sources */ = {
			isa = PBXSourcesBuildPhase;
			buildActionMask = 2147483647;
			files = (
				A61C69C51C02EBD600ADF518 /* ApiDemo_SwiftUITests.swift in Sources */,
			);
			runOnlyForDeploymentPostprocessing = 0;
		};
/* End PBXSourcesBuildPhase section */

/* Begin PBXTargetDependency section */
		A61C69B71C02EBD600ADF518 /* PBXTargetDependency */ = {
			isa = PBXTargetDependency;
			target = A61C69A01C02EBD600ADF518 /* ApiDemo-Swift */;
			targetProxy = A61C69B61C02EBD600ADF518 /* PBXContainerItemProxy */;
		};
		A61C69C21C02EBD600ADF518 /* PBXTargetDependency */ = {
			isa = PBXTargetDependency;
			target = A61C69A01C02EBD600ADF518 /* ApiDemo-Swift */;
			targetProxy = A61C69C11C02EBD600ADF518 /* PBXContainerItemProxy */;
		};
/* End PBXTargetDependency section */

/* Begin PBXVariantGroup section */
		A61C69AD1C02EBD600ADF518 /* LaunchScreen.storyboard */ = {
			isa = PBXVariantGroup;
			children = (
				A61C69AE1C02EBD600ADF518 /* Base */,
			);
			name = LaunchScreen.storyboard;
			sourceTree = "<group>";
		};
/* End PBXVariantGroup section */

/* Begin XCBuildConfiguration section */
		A61C69C71C02EBD600ADF518 /* Debug */ = {
			isa = XCBuildConfiguration;
			buildSettings = {
				ALWAYS_SEARCH_USER_PATHS = NO;
				CLANG_CXX_LANGUAGE_STANDARD = "gnu++0x";
				CLANG_CXX_LIBRARY = "libc++";
				CLANG_ENABLE_MODULES = YES;
				CLANG_ENABLE_OBJC_ARC = YES;
				CLANG_WARN_BOOL_CONVERSION = YES;
				CLANG_WARN_CONSTANT_CONVERSION = YES;
				CLANG_WARN_DIRECT_OBJC_ISA_USAGE = YES_ERROR;
				CLANG_WARN_EMPTY_BODY = YES;
				CLANG_WARN_ENUM_CONVERSION = YES;
				CLANG_WARN_INT_CONVERSION = YES;
				CLANG_WARN_OBJC_ROOT_CLASS = YES_ERROR;
				CLANG_WARN_UNREACHABLE_CODE = YES;
				CLANG_WARN__DUPLICATE_METHOD_MATCH = YES;
				"CODE_SIGN_IDENTITY[sdk=iphoneos*]" = "iPhone Developer";
				COPY_PHASE_STRIP = NO;
				DEBUG_INFORMATION_FORMAT = dwarf;
				ENABLE_STRICT_OBJC_MSGSEND = YES;
				ENABLE_TESTABILITY = YES;
				GCC_C_LANGUAGE_STANDARD = gnu99;
				GCC_DYNAMIC_NO_PIC = NO;
				GCC_NO_COMMON_BLOCKS = YES;
				GCC_OPTIMIZATION_LEVEL = 0;
				GCC_PREPROCESSOR_DEFINITIONS = (
					"DEBUG=1",
					"$(inherited)",
				);
				GCC_WARN_64_TO_32_BIT_CONVERSION = YES;
				GCC_WARN_ABOUT_RETURN_TYPE = YES_ERROR;
				GCC_WARN_UNDECLARED_SELECTOR = YES;
				GCC_WARN_UNINITIALIZED_AUTOS = YES_AGGRESSIVE;
				GCC_WARN_UNUSED_FUNCTION = YES;
				GCC_WARN_UNUSED_VARIABLE = YES;
				IPHONEOS_DEPLOYMENT_TARGET = 9.1;
				MTL_ENABLE_DEBUG_INFO = YES;
				ONLY_ACTIVE_ARCH = YES;
				SDKROOT = iphoneos;
				SWIFT_OPTIMIZATION_LEVEL = "-Onone";
			};
			name = Debug;
		};
		A61C69C81C02EBD600ADF518 /* Release */ = {
			isa = XCBuildConfiguration;
			buildSettings = {
				ALWAYS_SEARCH_USER_PATHS = NO;
				CLANG_CXX_LANGUAGE_STANDARD = "gnu++0x";
				CLANG_CXX_LIBRARY = "libc++";
				CLANG_ENABLE_MODULES = YES;
				CLANG_ENABLE_OBJC_ARC = YES;
				CLANG_WARN_BOOL_CONVERSION = YES;
				CLANG_WARN_CONSTANT_CONVERSION = YES;
				CLANG_WARN_DIRECT_OBJC_ISA_USAGE = YES_ERROR;
				CLANG_WARN_EMPTY_BODY = YES;
				CLANG_WARN_ENUM_CONVERSION = YES;
				CLANG_WARN_INT_CONVERSION = YES;
				CLANG_WARN_OBJC_ROOT_CLASS = YES_ERROR;
				CLANG_WARN_UNREACHABLE_CODE = YES;
				CLANG_WARN__DUPLICATE_METHOD_MATCH = YES;
				"CODE_SIGN_IDENTITY[sdk=iphoneos*]" = "iPhone Developer";
				COPY_PHASE_STRIP = NO;
				DEBUG_INFORMATION_FORMAT = "dwarf-with-dsym";
				ENABLE_NS_ASSERTIONS = NO;
				ENABLE_STRICT_OBJC_MSGSEND = YES;
				GCC_C_LANGUAGE_STANDARD = gnu99;
				GCC_NO_COMMON_BLOCKS = YES;
				GCC_WARN_64_TO_32_BIT_CONVERSION = YES;
				GCC_WARN_ABOUT_RETURN_TYPE = YES_ERROR;
				GCC_WARN_UNDECLARED_SELECTOR = YES;
				GCC_WARN_UNINITIALIZED_AUTOS = YES_AGGRESSIVE;
				GCC_WARN_UNUSED_FUNCTION = YES;
				GCC_WARN_UNUSED_VARIABLE = YES;
				IPHONEOS_DEPLOYMENT_TARGET = 9.1;
				MTL_ENABLE_DEBUG_INFO = NO;
				SDKROOT = iphoneos;
				VALIDATE_PRODUCT = YES;
			};
			name = Release;
		};
		A61C69CA1C02EBD600ADF518 /* Debug */ = {
			isa = XCBuildConfiguration;
			buildSettings = {
				ASSETCATALOG_COMPILER_APPICON_NAME = AppIcon;
				CODE_SIGN_IDENTITY = "iPhone Developer";
				"CODE_SIGN_IDENTITY[sdk=iphoneos*]" = "iPhone Developer";
				INFOPLIST_FILE = "ApiDemo-Swift/Info.plist";
				IPHONEOS_DEPLOYMENT_TARGET = 9.3;
				LD_RUNPATH_SEARCH_PATHS = "$(inherited) @executable_path/Frameworks";
				PRODUCT_BUNDLE_IDENTIFIER = io.github.suzp1984.apidemo;
				PRODUCT_NAME = "$(TARGET_NAME)";
				PROVISIONING_PROFILE = "";
			};
			name = Debug;
		};
		A61C69CB1C02EBD600ADF518 /* Release */ = {
			isa = XCBuildConfiguration;
			buildSettings = {
				ASSETCATALOG_COMPILER_APPICON_NAME = AppIcon;
				CODE_SIGN_IDENTITY = "iPhone Developer";
				"CODE_SIGN_IDENTITY[sdk=iphoneos*]" = "iPhone Developer";
				INFOPLIST_FILE = "ApiDemo-Swift/Info.plist";
				IPHONEOS_DEPLOYMENT_TARGET = 9.3;
				LD_RUNPATH_SEARCH_PATHS = "$(inherited) @executable_path/Frameworks";
				PRODUCT_BUNDLE_IDENTIFIER = io.github.suzp1984.apidemo;
				PRODUCT_NAME = "$(TARGET_NAME)";
				PROVISIONING_PROFILE = "";
			};
			name = Release;
		};
		A61C69CD1C02EBD600ADF518 /* Debug */ = {
			isa = XCBuildConfiguration;
			buildSettings = {
				BUNDLE_LOADER = "$(TEST_HOST)";
				INFOPLIST_FILE = "ApiDemo-SwiftTests/Info.plist";
				LD_RUNPATH_SEARCH_PATHS = "$(inherited) @executable_path/Frameworks @loader_path/Frameworks";
				PRODUCT_BUNDLE_IDENTIFIER = "io.github.suzp1984.ApiDemo-SwiftTests";
				PRODUCT_NAME = "$(TARGET_NAME)";
				TEST_HOST = "$(BUILT_PRODUCTS_DIR)/ApiDemo-Swift.app/ApiDemo-Swift";
			};
			name = Debug;
		};
		A61C69CE1C02EBD600ADF518 /* Release */ = {
			isa = XCBuildConfiguration;
			buildSettings = {
				BUNDLE_LOADER = "$(TEST_HOST)";
				INFOPLIST_FILE = "ApiDemo-SwiftTests/Info.plist";
				LD_RUNPATH_SEARCH_PATHS = "$(inherited) @executable_path/Frameworks @loader_path/Frameworks";
				PRODUCT_BUNDLE_IDENTIFIER = "io.github.suzp1984.ApiDemo-SwiftTests";
				PRODUCT_NAME = "$(TARGET_NAME)";
				TEST_HOST = "$(BUILT_PRODUCTS_DIR)/ApiDemo-Swift.app/ApiDemo-Swift";
			};
			name = Release;
		};
		A61C69D01C02EBD600ADF518 /* Debug */ = {
			isa = XCBuildConfiguration;
			buildSettings = {
				INFOPLIST_FILE = "ApiDemo-SwiftUITests/Info.plist";
				LD_RUNPATH_SEARCH_PATHS = "$(inherited) @executable_path/Frameworks @loader_path/Frameworks";
				PRODUCT_BUNDLE_IDENTIFIER = "io.github.suzp1984.ApiDemo-SwiftUITests";
				PRODUCT_NAME = "$(TARGET_NAME)";
				TEST_TARGET_NAME = "ApiDemo-Swift";
				USES_XCTRUNNER = YES;
			};
			name = Debug;
		};
		A61C69D11C02EBD600ADF518 /* Release */ = {
			isa = XCBuildConfiguration;
			buildSettings = {
				INFOPLIST_FILE = "ApiDemo-SwiftUITests/Info.plist";
				LD_RUNPATH_SEARCH_PATHS = "$(inherited) @executable_path/Frameworks @loader_path/Frameworks";
				PRODUCT_BUNDLE_IDENTIFIER = "io.github.suzp1984.ApiDemo-SwiftUITests";
				PRODUCT_NAME = "$(TARGET_NAME)";
				TEST_TARGET_NAME = "ApiDemo-Swift";
				USES_XCTRUNNER = YES;
			};
			name = Release;
		};
/* End XCBuildConfiguration section */

/* Begin XCConfigurationList section */
		A61C699C1C02EBD600ADF518 /* Build configuration list for PBXProject "ApiDemo-Swift" */ = {
			isa = XCConfigurationList;
			buildConfigurations = (
				A61C69C71C02EBD600ADF518 /* Debug */,
				A61C69C81C02EBD600ADF518 /* Release */,
			);
			defaultConfigurationIsVisible = 0;
			defaultConfigurationName = Release;
		};
		A61C69C91C02EBD600ADF518 /* Build configuration list for PBXNativeTarget "ApiDemo-Swift" */ = {
			isa = XCConfigurationList;
			buildConfigurations = (
				A61C69CA1C02EBD600ADF518 /* Debug */,
				A61C69CB1C02EBD600ADF518 /* Release */,
			);
			defaultConfigurationIsVisible = 0;
			defaultConfigurationName = Release;
		};
		A61C69CC1C02EBD600ADF518 /* Build configuration list for PBXNativeTarget "ApiDemo-SwiftTests" */ = {
			isa = XCConfigurationList;
			buildConfigurations = (
				A61C69CD1C02EBD600ADF518 /* Debug */,
				A61C69CE1C02EBD600ADF518 /* Release */,
			);
			defaultConfigurationIsVisible = 0;
			defaultConfigurationName = Release;
		};
		A61C69CF1C02EBD600ADF518 /* Build configuration list for PBXNativeTarget "ApiDemo-SwiftUITests" */ = {
			isa = XCConfigurationList;
			buildConfigurations = (
				A61C69D01C02EBD600ADF518 /* Debug */,
				A61C69D11C02EBD600ADF518 /* Release */,
			);
			defaultConfigurationIsVisible = 0;
			defaultConfigurationName = Release;
		};
/* End XCConfigurationList section */
	};
	rootObject = A61C69991C02EBD600ADF518 /* Project object */;
}
